// !$*UTF8*$!
{
	archiveVersion = 1;
	classes = {
	};
	objectVersion = 55;
	objects = {

/* Begin PBXBuildFile section */
		1BE79C9427C4D4A200DED55C /* AppDelegate.swift in Sources */ = {isa = PBXBuildFile; fileRef = 1BE79C9327C4D4A200DED55C /* AppDelegate.swift */; };
		1BE79C9827C4D4A200DED55C /* WeatherViewController.swift in Sources */ = {isa = PBXBuildFile; fileRef = 1BE79C9727C4D4A200DED55C /* WeatherViewController.swift */; };
		1BE79C9D27C4D4A900DED55C /* Assets.xcassets in Resources */ = {isa = PBXBuildFile; fileRef = 1BE79C9C27C4D4A900DED55C /* Assets.xcassets */; };
		1BE79CA027C4D4A900DED55C /* LaunchScreen.storyboard in Resources */ = {isa = PBXBuildFile; fileRef = 1BE79C9E27C4D4A900DED55C /* LaunchScreen.storyboard */; };
		1BE79CAA27C4D6EA00DED55C /* WeatherViewModel.swift in Sources */ = {isa = PBXBuildFile; fileRef = 1BE79CA927C4D6EA00DED55C /* WeatherViewModel.swift */; };
		1BE79CAC27C4DB6D00DED55C /* SearchViewController.swift in Sources */ = {isa = PBXBuildFile; fileRef = 1BE79CAB27C4DB6D00DED55C /* SearchViewController.swift */; };
		1BE79CAF27C77CBC00DED55C /* DetailsDataCell.swift in Sources */ = {isa = PBXBuildFile; fileRef = 1BE79CAE27C77CBC00DED55C /* DetailsDataCell.swift */; };
		6067062C75A5CEA8B375D049 /* Pods_iOS_Weather_App.framework in Frameworks */ = {isa = PBXBuildFile; fileRef = 14B3F22A5D7DFA2F100BE687 /* Pods_iOS_Weather_App.framework */; };
		AFBCA187174789CC6D87A8C2 /* NetworkManager.swift in Sources */ = {isa = PBXBuildFile; fileRef = AFBCA2EF0A33F7F1C2EA0B0D /* NetworkManager.swift */; };
		AFBCA24A736AB7BA1449A82A /* SearchViewModel.swift in Sources */ = {isa = PBXBuildFile; fileRef = AFBCA1CE5BE848EBAAD4B357 /* SearchViewModel.swift */; };
		AFBCA258FC16F79F6D5744AD /* Weather.swift in Sources */ = {isa = PBXBuildFile; fileRef = AFBCA612FFF5CF9C4FBAA803 /* Weather.swift */; };
		AFBCA6AFAF813D29579B8CCD /* BaseDetailsWeatherViewModel.swift in Sources */ = {isa = PBXBuildFile; fileRef = AFBCAFB5ACA52F968C59AC9D /* BaseDetailsWeatherViewModel.swift */; };
		AFBCA6CB7CD91073C42D4C44 /* Roboto-Regular.ttf in Resources */ = {isa = PBXBuildFile; fileRef = AFBCA1B9497D6FB0AF850B30 /* Roboto-Regular.ttf */; };
		AFBCA82DBB260326E538316D /* SearchedDetailsViewModel.swift in Sources */ = {isa = PBXBuildFile; fileRef = AFBCAEC7C0136DED0ABA405D /* SearchedDetailsViewModel.swift */; };
		AFBCA9D164081222DB1BDFA5 /* CurrentLocDetailsViewController.swift in Sources */ = {isa = PBXBuildFile; fileRef = AFBCAEB68E5414C8C24D7A65 /* CurrentLocDetailsViewController.swift */; };
		AFBCAA3083C3C8FFB3BF811C /* BebasNeue-Regular.ttf in Resources */ = {isa = PBXBuildFile; fileRef = AFBCA7A7627BB6A9436696AC /* BebasNeue-Regular.ttf */; };
		AFBCAB9855C8B3385C98B44B /* CurrentLocDetailsViewModel.swift in Sources */ = {isa = PBXBuildFile; fileRef = AFBCA495E6536735481D2A6F /* CurrentLocDetailsViewModel.swift */; };
		AFBCAE04C72F78FAE7868E0D /* SearchedDetailsViewController.swift in Sources */ = {isa = PBXBuildFile; fileRef = AFBCAC1F721434620E21CB64 /* SearchedDetailsViewController.swift */; };
		AFBCAEBB525C9317B137F5A8 /* BaseDetailsWeatherViewController.swift in Sources */ = {isa = PBXBuildFile; fileRef = AFBCA40BF79583FDA7E48FBD /* BaseDetailsWeatherViewController.swift */; };
/* End PBXBuildFile section */

/* Begin PBXFileReference section */
		14B3F22A5D7DFA2F100BE687 /* Pods_iOS_Weather_App.framework */ = {isa = PBXFileReference; explicitFileType = wrapper.framework; includeInIndex = 0; path = Pods_iOS_Weather_App.framework; sourceTree = BUILT_PRODUCTS_DIR; };
		1BE79C9027C4D4A200DED55C /* iOS-Weather-App.app */ = {isa = PBXFileReference; explicitFileType = wrapper.application; includeInIndex = 0; path = "iOS-Weather-App.app"; sourceTree = BUILT_PRODUCTS_DIR; };
		1BE79C9327C4D4A200DED55C /* AppDelegate.swift */ = {isa = PBXFileReference; lastKnownFileType = sourcecode.swift; path = AppDelegate.swift; sourceTree = "<group>"; };
		1BE79C9727C4D4A200DED55C /* WeatherViewController.swift */ = {isa = PBXFileReference; lastKnownFileType = sourcecode.swift; path = WeatherViewController.swift; sourceTree = "<group>"; };
		1BE79C9C27C4D4A900DED55C /* Assets.xcassets */ = {isa = PBXFileReference; lastKnownFileType = folder.assetcatalog; path = Assets.xcassets; sourceTree = "<group>"; };
		1BE79C9F27C4D4A900DED55C /* Base */ = {isa = PBXFileReference; lastKnownFileType = file.storyboard; name = Base; path = Base.lproj/LaunchScreen.storyboard; sourceTree = "<group>"; };
		1BE79CA127C4D4A900DED55C /* Info.plist */ = {isa = PBXFileReference; lastKnownFileType = text.plist.xml; path = Info.plist; sourceTree = "<group>"; };
		1BE79CA927C4D6EA00DED55C /* WeatherViewModel.swift */ = {isa = PBXFileReference; lastKnownFileType = sourcecode.swift; path = WeatherViewModel.swift; sourceTree = "<group>"; };
		1BE79CAB27C4DB6D00DED55C /* SearchViewController.swift */ = {isa = PBXFileReference; lastKnownFileType = sourcecode.swift; path = SearchViewController.swift; sourceTree = "<group>"; };
		1BE79CAE27C77CBC00DED55C /* DetailsDataCell.swift */ = {isa = PBXFileReference; lastKnownFileType = sourcecode.swift; path = DetailsDataCell.swift; sourceTree = "<group>"; };
		766C3EF252DD9117F89A40ED /* Pods-iOS-Weather-App.release.xcconfig */ = {isa = PBXFileReference; includeInIndex = 1; lastKnownFileType = text.xcconfig; name = "Pods-iOS-Weather-App.release.xcconfig"; path = "Target Support Files/Pods-iOS-Weather-App/Pods-iOS-Weather-App.release.xcconfig"; sourceTree = "<group>"; };
		AFBCA1B9497D6FB0AF850B30 /* Roboto-Regular.ttf */ = {isa = PBXFileReference; lastKnownFileType = file.ttf; path = "Roboto-Regular.ttf"; sourceTree = "<group>"; };
		AFBCA1CE5BE848EBAAD4B357 /* SearchViewModel.swift */ = {isa = PBXFileReference; fileEncoding = 4; lastKnownFileType = sourcecode.swift; path = SearchViewModel.swift; sourceTree = "<group>"; };
		AFBCA2EF0A33F7F1C2EA0B0D /* NetworkManager.swift */ = {isa = PBXFileReference; fileEncoding = 4; lastKnownFileType = sourcecode.swift; path = NetworkManager.swift; sourceTree = "<group>"; };
		AFBCA40BF79583FDA7E48FBD /* BaseDetailsWeatherViewController.swift */ = {isa = PBXFileReference; fileEncoding = 4; lastKnownFileType = sourcecode.swift; path = BaseDetailsWeatherViewController.swift; sourceTree = "<group>"; };
		AFBCA495E6536735481D2A6F /* CurrentLocDetailsViewModel.swift */ = {isa = PBXFileReference; fileEncoding = 4; lastKnownFileType = sourcecode.swift; path = CurrentLocDetailsViewModel.swift; sourceTree = "<group>"; };
		AFBCA612FFF5CF9C4FBAA803 /* Weather.swift */ = {isa = PBXFileReference; fileEncoding = 4; lastKnownFileType = sourcecode.swift; path = Weather.swift; sourceTree = "<group>"; };
		AFBCA7A7627BB6A9436696AC /* BebasNeue-Regular.ttf */ = {isa = PBXFileReference; lastKnownFileType = file.ttf; path = "BebasNeue-Regular.ttf"; sourceTree = "<group>"; };
		AFBCAC1F721434620E21CB64 /* SearchedDetailsViewController.swift */ = {isa = PBXFileReference; fileEncoding = 4; lastKnownFileType = sourcecode.swift; path = SearchedDetailsViewController.swift; sourceTree = "<group>"; };
		AFBCAEB68E5414C8C24D7A65 /* CurrentLocDetailsViewController.swift */ = {isa = PBXFileReference; fileEncoding = 4; lastKnownFileType = sourcecode.swift; path = CurrentLocDetailsViewController.swift; sourceTree = "<group>"; };
		AFBCAEC7C0136DED0ABA405D /* SearchedDetailsViewModel.swift */ = {isa = PBXFileReference; fileEncoding = 4; lastKnownFileType = sourcecode.swift; path = SearchedDetailsViewModel.swift; sourceTree = "<group>"; };
		AFBCAFB5ACA52F968C59AC9D /* BaseDetailsWeatherViewModel.swift */ = {isa = PBXFileReference; fileEncoding = 4; lastKnownFileType = sourcecode.swift; path = BaseDetailsWeatherViewModel.swift; sourceTree = "<group>"; };
		BF7D86FF25DD22689206EC2C /* Pods-iOS-Weather-App.debug.xcconfig */ = {isa = PBXFileReference; includeInIndex = 1; lastKnownFileType = text.xcconfig; name = "Pods-iOS-Weather-App.debug.xcconfig"; path = "Target Support Files/Pods-iOS-Weather-App/Pods-iOS-Weather-App.debug.xcconfig"; sourceTree = "<group>"; };
/* End PBXFileReference section */

/* Begin PBXFrameworksBuildPhase section */
		1BE79C8D27C4D4A200DED55C /* Frameworks */ = {
			isa = PBXFrameworksBuildPhase;
			buildActionMask = 2147483647;
			files = (
				6067062C75A5CEA8B375D049 /* Pods_iOS_Weather_App.framework in Frameworks */,
			);
			runOnlyForDeploymentPostprocessing = 0;
		};
/* End PBXFrameworksBuildPhase section */

/* Begin PBXGroup section */
		16D74DA1869794341B35350E /* Frameworks */ = {
			isa = PBXGroup;
			children = (
				14B3F22A5D7DFA2F100BE687 /* Pods_iOS_Weather_App.framework */,
			);
			name = Frameworks;
			sourceTree = "<group>";
		};
		1BE79C8727C4D4A200DED55C = {
			isa = PBXGroup;
			children = (
				1BE79C9227C4D4A200DED55C /* iOS-Weather-App */,
				1BE79C9127C4D4A200DED55C /* Products */,
				7140D3DCBA7497C510E91A44 /* Pods */,
				16D74DA1869794341B35350E /* Frameworks */,
			);
			sourceTree = "<group>";
		};
		1BE79C9127C4D4A200DED55C /* Products */ = {
			isa = PBXGroup;
			children = (
				1BE79C9027C4D4A200DED55C /* iOS-Weather-App.app */,
			);
			name = Products;
			sourceTree = "<group>";
		};
		1BE79C9227C4D4A200DED55C /* iOS-Weather-App */ = {
			isa = PBXGroup;
			children = (
				1BE79CAD27C77C8C00DED55C /* Views */,
				1BE79CA727C4D4DE00DED55C /* Controllers */,
				1BE79C9327C4D4A200DED55C /* AppDelegate.swift */,
				1BE79C9C27C4D4A900DED55C /* Assets.xcassets */,
				1BE79C9E27C4D4A900DED55C /* LaunchScreen.storyboard */,
				1BE79CA127C4D4A900DED55C /* Info.plist */,
				AFBCACAF055711E11A6F12F7 /* Resources */,
				AFBCA8BA6211F4B08DF56245 /* Networking */,
				AFBCAEFAB83990019537F1C5 /* Model */,
			);
			path = "iOS-Weather-App";
			sourceTree = "<group>";
		};
		1BE79CA727C4D4DE00DED55C /* Controllers */ = {
			isa = PBXGroup;
			children = (
				1BE79CA827C4D6DA00DED55C /* WeatherViewController */,
				AFBCAD6C34FD4C8C619454A5 /* SearchViewController */,
				AFBCAC2749FE1AF28DCDD11E /* BaseDetailsWeatherViewController */,
				AFBCAE5B7D5BFB40DCEF0942 /* CurrentLocDetailsViewController */,
				AFBCA2D451A86676C6F3D60F /* SearchedDetailsViewController */,
			);
			path = Controllers;
			sourceTree = "<group>";
		};
		1BE79CA827C4D6DA00DED55C /* WeatherViewController */ = {
			isa = PBXGroup;
			children = (
				1BE79C9727C4D4A200DED55C /* WeatherViewController.swift */,
				1BE79CA927C4D6EA00DED55C /* WeatherViewModel.swift */,
			);
			path = WeatherViewController;
			sourceTree = "<group>";
		};
		1BE79CAD27C77C8C00DED55C /* Views */ = {
			isa = PBXGroup;
			children = (
				1BE79CB027C77CC200DED55C /* CurrentDataCell */,
			);
			path = Views;
			sourceTree = "<group>";
		};
		1BE79CB027C77CC200DED55C /* CurrentDataCell */ = {
			isa = PBXGroup;
			children = (
				1BE79CAE27C77CBC00DED55C /* DetailsDataCell.swift */,
			);
			path = CurrentDataCell;
			sourceTree = "<group>";
		};
		7140D3DCBA7497C510E91A44 /* Pods */ = {
			isa = PBXGroup;
			children = (
				BF7D86FF25DD22689206EC2C /* Pods-iOS-Weather-App.debug.xcconfig */,
				766C3EF252DD9117F89A40ED /* Pods-iOS-Weather-App.release.xcconfig */,
			);
			path = Pods;
			sourceTree = "<group>";
		};
		AFBCA2D451A86676C6F3D60F /* SearchedDetailsViewController */ = {
			isa = PBXGroup;
			children = (
				AFBCAC1F721434620E21CB64 /* SearchedDetailsViewController.swift */,
				AFBCAEC7C0136DED0ABA405D /* SearchedDetailsViewModel.swift */,
			);
			path = SearchedDetailsViewController;
			sourceTree = "<group>";
		};
		AFBCA8BA6211F4B08DF56245 /* Networking */ = {
			isa = PBXGroup;
			children = (
				AFBCA2EF0A33F7F1C2EA0B0D /* NetworkManager.swift */,
			);
			path = Networking;
			sourceTree = "<group>";
		};
		AFBCA9878AD18309196A1CC6 /* Fonts */ = {
			isa = PBXGroup;
			children = (
				AFBCA7A7627BB6A9436696AC /* BebasNeue-Regular.ttf */,
				AFBCA1B9497D6FB0AF850B30 /* Roboto-Regular.ttf */,
			);
			path = Fonts;
			sourceTree = "<group>";
		};
		AFBCAC2749FE1AF28DCDD11E /* BaseDetailsWeatherViewController */ = {
			isa = PBXGroup;
			children = (
				AFBCA40BF79583FDA7E48FBD /* BaseDetailsWeatherViewController.swift */,
				AFBCAFB5ACA52F968C59AC9D /* BaseDetailsWeatherViewModel.swift */,
			);
			path = BaseDetailsWeatherViewController;
			sourceTree = "<group>";
		};
		AFBCACAF055711E11A6F12F7 /* Resources */ = {
			isa = PBXGroup;
			children = (
				AFBCA9878AD18309196A1CC6 /* Fonts */,
			);
			path = Resources;
			sourceTree = "<group>";
		};
		AFBCAD6C34FD4C8C619454A5 /* SearchViewController */ = {
			isa = PBXGroup;
			children = (
				1BE79CAB27C4DB6D00DED55C /* SearchViewController.swift */,
				AFBCA1CE5BE848EBAAD4B357 /* SearchViewModel.swift */,
			);
			path = SearchViewController;
			sourceTree = "<group>";
		};
		AFBCAE5B7D5BFB40DCEF0942 /* CurrentLocDetailsViewController */ = {
			isa = PBXGroup;
			children = (
				AFBCAEB68E5414C8C24D7A65 /* CurrentLocDetailsViewController.swift */,
				AFBCA495E6536735481D2A6F /* CurrentLocDetailsViewModel.swift */,
			);
			path = CurrentLocDetailsViewController;
			sourceTree = "<group>";
		};
		AFBCAEFAB83990019537F1C5 /* Model */ = {
			isa = PBXGroup;
			children = (
				AFBCA612FFF5CF9C4FBAA803 /* Weather.swift */,
			);
			path = Model;
			sourceTree = "<group>";
		};
/* End PBXGroup section */

/* Begin PBXNativeTarget section */
		1BE79C8F27C4D4A200DED55C /* iOS-Weather-App */ = {
			isa = PBXNativeTarget;
			buildConfigurationList = 1BE79CA427C4D4A900DED55C /* Build configuration list for PBXNativeTarget "iOS-Weather-App" */;
			buildPhases = (
				420F13357B95C5D7E935B98D /* [CP] Check Pods Manifest.lock */,
				1BE79C8C27C4D4A200DED55C /* Sources */,
				1BE79C8D27C4D4A200DED55C /* Frameworks */,
				1BE79C8E27C4D4A200DED55C /* Resources */,
				9A38DF1080EC12643945C266 /* [CP] Embed Pods Frameworks */,
			);
			buildRules = (
			);
			dependencies = (
			);
			name = "iOS-Weather-App";
			productName = "iOS-Weather-App";
			productReference = 1BE79C9027C4D4A200DED55C /* iOS-Weather-App.app */;
			productType = "com.apple.product-type.application";
		};
/* End PBXNativeTarget section */

/* Begin PBXProject section */
		1BE79C8827C4D4A200DED55C /* Project object */ = {
			isa = PBXProject;
			attributes = {
				BuildIndependentTargetsInParallel = 1;
				LastSwiftUpdateCheck = 1320;
				LastUpgradeCheck = 1320;
				TargetAttributes = {
					1BE79C8F27C4D4A200DED55C = {
						CreatedOnToolsVersion = 13.2.1;
					};
				};
			};
			buildConfigurationList = 1BE79C8B27C4D4A200DED55C /* Build configuration list for PBXProject "iOS-Weather-App" */;
			compatibilityVersion = "Xcode 13.0";
			developmentRegion = en;
			hasScannedForEncodings = 0;
			knownRegions = (
				en,
				Base,
			);
			mainGroup = 1BE79C8727C4D4A200DED55C;
			productRefGroup = 1BE79C9127C4D4A200DED55C /* Products */;
			projectDirPath = "";
			projectRoot = "";
			targets = (
				1BE79C8F27C4D4A200DED55C /* iOS-Weather-App */,
			);
		};
/* End PBXProject section */

/* Begin PBXResourcesBuildPhase section */
		1BE79C8E27C4D4A200DED55C /* Resources */ = {
			isa = PBXResourcesBuildPhase;
			buildActionMask = 2147483647;
			files = (
				1BE79CA027C4D4A900DED55C /* LaunchScreen.storyboard in Resources */,
				1BE79C9D27C4D4A900DED55C /* Assets.xcassets in Resources */,
				AFBCAA3083C3C8FFB3BF811C /* BebasNeue-Regular.ttf in Resources */,
				AFBCA6CB7CD91073C42D4C44 /* Roboto-Regular.ttf in Resources */,
			);
			runOnlyForDeploymentPostprocessing = 0;
		};
/* End PBXResourcesBuildPhase section */

/* Begin PBXShellScriptBuildPhase section */
		420F13357B95C5D7E935B98D /* [CP] Check Pods Manifest.lock */ = {
			isa = PBXShellScriptBuildPhase;
			buildActionMask = 2147483647;
			files = (
			);
			inputFileListPaths = (
			);
			inputPaths = (
				"${PODS_PODFILE_DIR_PATH}/Podfile.lock",
				"${PODS_ROOT}/Manifest.lock",
			);
			name = "[CP] Check Pods Manifest.lock";
			outputFileListPaths = (
			);
			outputPaths = (
				"$(DERIVED_FILE_DIR)/Pods-iOS-Weather-App-checkManifestLockResult.txt",
			);
			runOnlyForDeploymentPostprocessing = 0;
			shellPath = /bin/sh;
			shellScript = "diff \"${PODS_PODFILE_DIR_PATH}/Podfile.lock\" \"${PODS_ROOT}/Manifest.lock\" > /dev/null\nif [ $? != 0 ] ; then\n    # print error to STDERR\n    echo \"error: The sandbox is not in sync with the Podfile.lock. Run 'pod install' or update your CocoaPods installation.\" >&2\n    exit 1\nfi\n# This output is used by Xcode 'outputs' to avoid re-running this script phase.\necho \"SUCCESS\" > \"${SCRIPT_OUTPUT_FILE_0}\"\n";
			showEnvVarsInLog = 0;
		};
		9A38DF1080EC12643945C266 /* [CP] Embed Pods Frameworks */ = {
			isa = PBXShellScriptBuildPhase;
			buildActionMask = 2147483647;
			files = (
			);
			inputFileListPaths = (
				"${PODS_ROOT}/Target Support Files/Pods-iOS-Weather-App/Pods-iOS-Weather-App-frameworks-${CONFIGURATION}-input-files.xcfilelist",
			);
			name = "[CP] Embed Pods Frameworks";
			outputFileListPaths = (
				"${PODS_ROOT}/Target Support Files/Pods-iOS-Weather-App/Pods-iOS-Weather-App-frameworks-${CONFIGURATION}-output-files.xcfilelist",
			);
			runOnlyForDeploymentPostprocessing = 0;
			shellPath = /bin/sh;
			shellScript = "\"${PODS_ROOT}/Target Support Files/Pods-iOS-Weather-App/Pods-iOS-Weather-App-frameworks.sh\"\n";
			showEnvVarsInLog = 0;
		};
/* End PBXShellScriptBuildPhase section */

/* Begin PBXSourcesBuildPhase section */
		1BE79C8C27C4D4A200DED55C /* Sources */ = {
			isa = PBXSourcesBuildPhase;
			buildActionMask = 2147483647;
			files = (
				1BE79CAC27C4DB6D00DED55C /* SearchViewController.swift in Sources */,
				1BE79CAA27C4D6EA00DED55C /* WeatherViewModel.swift in Sources */,
				1BE79C9827C4D4A200DED55C /* WeatherViewController.swift in Sources */,
				1BE79C9427C4D4A200DED55C /* AppDelegate.swift in Sources */,
				AFBCA24A736AB7BA1449A82A /* SearchViewModel.swift in Sources */,
				1BE79CAF27C77CBC00DED55C /* DetailsDataCell.swift in Sources */,
				AFBCA187174789CC6D87A8C2 /* NetworkManager.swift in Sources */,
				AFBCA258FC16F79F6D5744AD /* Weather.swift in Sources */,
				AFBCAEBB525C9317B137F5A8 /* BaseDetailsWeatherViewController.swift in Sources */,
				AFBCA9D164081222DB1BDFA5 /* CurrentLocDetailsViewController.swift in Sources */,
				AFBCAB9855C8B3385C98B44B /* CurrentLocDetailsViewModel.swift in Sources */,
				AFBCAE04C72F78FAE7868E0D /* SearchedDetailsViewController.swift in Sources */,
				AFBCA82DBB260326E538316D /* SearchedDetailsViewModel.swift in Sources */,
				AFBCA6AFAF813D29579B8CCD /* BaseDetailsWeatherViewModel.swift in Sources */,
			);
			runOnlyForDeploymentPostprocessing = 0;
		};
/* End PBXSourcesBuildPhase section */

/* Begin PBXVariantGroup section */
		1BE79C9E27C4D4A900DED55C /* LaunchScreen.storyboard */ = {
			isa = PBXVariantGroup;
			children = (
				1BE79C9F27C4D4A900DED55C /* Base */,
			);
			name = LaunchScreen.storyboard;
			sourceTree = "<group>";
		};
/* End PBXVariantGroup section */

/* Begin XCBuildConfiguration section */
		1BE79CA227C4D4A900DED55C /* Debug */ = {
			isa = XCBuildConfiguration;
			buildSettings = {
				ALWAYS_SEARCH_USER_PATHS = NO;
				CLANG_ANALYZER_NONNULL = YES;
				CLANG_ANALYZER_NUMBER_OBJECT_CONVERSION = YES_AGGRESSIVE;
				CLANG_CXX_LANGUAGE_STANDARD = "gnu++17";
				CLANG_CXX_LIBRARY = "libc++";
				CLANG_ENABLE_MODULES = YES;
				CLANG_ENABLE_OBJC_ARC = YES;
				CLANG_ENABLE_OBJC_WEAK = YES;
				CLANG_WARN_BLOCK_CAPTURE_AUTORELEASING = YES;
				CLANG_WARN_BOOL_CONVERSION = YES;
				CLANG_WARN_COMMA = YES;
				CLANG_WARN_CONSTANT_CONVERSION = YES;
				CLANG_WARN_DEPRECATED_OBJC_IMPLEMENTATIONS = YES;
				CLANG_WARN_DIRECT_OBJC_ISA_USAGE = YES_ERROR;
				CLANG_WARN_DOCUMENTATION_COMMENTS = YES;
				CLANG_WARN_EMPTY_BODY = YES;
				CLANG_WARN_ENUM_CONVERSION = YES;
				CLANG_WARN_INFINITE_RECURSION = YES;
				CLANG_WARN_INT_CONVERSION = YES;
				CLANG_WARN_NON_LITERAL_NULL_CONVERSION = YES;
				CLANG_WARN_OBJC_IMPLICIT_RETAIN_SELF = YES;
				CLANG_WARN_OBJC_LITERAL_CONVERSION = YES;
				CLANG_WARN_OBJC_ROOT_CLASS = YES_ERROR;
				CLANG_WARN_QUOTED_INCLUDE_IN_FRAMEWORK_HEADER = YES;
				CLANG_WARN_RANGE_LOOP_ANALYSIS = YES;
				CLANG_WARN_STRICT_PROTOTYPES = YES;
				CLANG_WARN_SUSPICIOUS_MOVE = YES;
				CLANG_WARN_UNGUARDED_AVAILABILITY = YES_AGGRESSIVE;
				CLANG_WARN_UNREACHABLE_CODE = YES;
				CLANG_WARN__DUPLICATE_METHOD_MATCH = YES;
				COPY_PHASE_STRIP = NO;
				DEBUG_INFORMATION_FORMAT = dwarf;
				ENABLE_STRICT_OBJC_MSGSEND = YES;
				ENABLE_TESTABILITY = YES;
				GCC_C_LANGUAGE_STANDARD = gnu11;
				GCC_DYNAMIC_NO_PIC = NO;
				GCC_NO_COMMON_BLOCKS = YES;
				GCC_OPTIMIZATION_LEVEL = 0;
				GCC_PREPROCESSOR_DEFINITIONS = (
					"DEBUG=1",
					"$(inherited)",
				);
				GCC_WARN_64_TO_32_BIT_CONVERSION = YES;
				GCC_WARN_ABOUT_RETURN_TYPE = YES_ERROR;
				GCC_WARN_UNDECLARED_SELECTOR = YES;
				GCC_WARN_UNINITIALIZED_AUTOS = YES_AGGRESSIVE;
				GCC_WARN_UNUSED_FUNCTION = YES;
				GCC_WARN_UNUSED_VARIABLE = YES;
				IPHONEOS_DEPLOYMENT_TARGET = 15.2;
				MTL_ENABLE_DEBUG_INFO = INCLUDE_SOURCE;
				MTL_FAST_MATH = YES;
				ONLY_ACTIVE_ARCH = YES;
				SDKROOT = iphoneos;
				SWIFT_ACTIVE_COMPILATION_CONDITIONS = DEBUG;
				SWIFT_OPTIMIZATION_LEVEL = "-Onone";
			};
			name = Debug;
		};
		1BE79CA327C4D4A900DED55C /* Release */ = {
			isa = XCBuildConfiguration;
			buildSettings = {
				ALWAYS_SEARCH_USER_PATHS = NO;
				CLANG_ANALYZER_NONNULL = YES;
				CLANG_ANALYZER_NUMBER_OBJECT_CONVERSION = YES_AGGRESSIVE;
				CLANG_CXX_LANGUAGE_STANDARD = "gnu++17";
				CLANG_CXX_LIBRARY = "libc++";
				CLANG_ENABLE_MODULES = YES;
				CLANG_ENABLE_OBJC_ARC = YES;
				CLANG_ENABLE_OBJC_WEAK = YES;
				CLANG_WARN_BLOCK_CAPTURE_AUTORELEASING = YES;
				CLANG_WARN_BOOL_CONVERSION = YES;
				CLANG_WARN_COMMA = YES;
				CLANG_WARN_CONSTANT_CONVERSION = YES;
				CLANG_WARN_DEPRECATED_OBJC_IMPLEMENTATIONS = YES;
				CLANG_WARN_DIRECT_OBJC_ISA_USAGE = YES_ERROR;
				CLANG_WARN_DOCUMENTATION_COMMENTS = YES;
				CLANG_WARN_EMPTY_BODY = YES;
				CLANG_WARN_ENUM_CONVERSION = YES;
				CLANG_WARN_INFINITE_RECURSION = YES;
				CLANG_WARN_INT_CONVERSION = YES;
				CLANG_WARN_NON_LITERAL_NULL_CONVERSION = YES;
				CLANG_WARN_OBJC_IMPLICIT_RETAIN_SELF = YES;
				CLANG_WARN_OBJC_LITERAL_CONVERSION = YES;
				CLANG_WARN_OBJC_ROOT_CLASS = YES_ERROR;
				CLANG_WARN_QUOTED_INCLUDE_IN_FRAMEWORK_HEADER = YES;
				CLANG_WARN_RANGE_LOOP_ANALYSIS = YES;
				CLANG_WARN_STRICT_PROTOTYPES = YES;
				CLANG_WARN_SUSPICIOUS_MOVE = YES;
				CLANG_WARN_UNGUARDED_AVAILABILITY = YES_AGGRESSIVE;
				CLANG_WARN_UNREACHABLE_CODE = YES;
				CLANG_WARN__DUPLICATE_METHOD_MATCH = YES;
				COPY_PHASE_STRIP = NO;
				DEBUG_INFORMATION_FORMAT = "dwarf-with-dsym";
				ENABLE_NS_ASSERTIONS = NO;
				ENABLE_STRICT_OBJC_MSGSEND = YES;
				GCC_C_LANGUAGE_STANDARD = gnu11;
				GCC_NO_COMMON_BLOCKS = YES;
				GCC_WARN_64_TO_32_BIT_CONVERSION = YES;
				GCC_WARN_ABOUT_RETURN_TYPE = YES_ERROR;
				GCC_WARN_UNDECLARED_SELECTOR = YES;
				GCC_WARN_UNINITIALIZED_AUTOS = YES_AGGRESSIVE;
				GCC_WARN_UNUSED_FUNCTION = YES;
				GCC_WARN_UNUSED_VARIABLE = YES;
				IPHONEOS_DEPLOYMENT_TARGET = 15.2;
				MTL_ENABLE_DEBUG_INFO = NO;
				MTL_FAST_MATH = YES;
				SDKROOT = iphoneos;
				SWIFT_COMPILATION_MODE = wholemodule;
				SWIFT_OPTIMIZATION_LEVEL = "-O";
				VALIDATE_PRODUCT = YES;
			};
			name = Release;
		};
		1BE79CA527C4D4A900DED55C /* Debug */ = {
			isa = XCBuildConfiguration;
			baseConfigurationReference = BF7D86FF25DD22689206EC2C /* Pods-iOS-Weather-App.debug.xcconfig */;
			buildSettings = {
				ASSETCATALOG_COMPILER_APPICON_NAME = AppIcon;
				ASSETCATALOG_COMPILER_GLOBAL_ACCENT_COLOR_NAME = AccentColor;
				CODE_SIGN_STYLE = Automatic;
				CURRENT_PROJECT_VERSION = 1;
				DEVELOPMENT_TEAM = G2D43ULH2L;
				GENERATE_INFOPLIST_FILE = YES;
				INFOPLIST_FILE = "iOS-Weather-App/Info.plist";
				INFOPLIST_KEY_NSLocationWhenInUseUsageDescription = "We’ll use this to personalize your app experience";
				INFOPLIST_KEY_UIApplicationSupportsIndirectInputEvents = YES;
				INFOPLIST_KEY_UILaunchStoryboardName = LaunchScreen;
				INFOPLIST_KEY_UISupportedInterfaceOrientations = "";
				INFOPLIST_KEY_UISupportedInterfaceOrientations_iPad = "UIInterfaceOrientationPortrait UIInterfaceOrientationPortraitUpsideDown UIInterfaceOrientationLandscapeLeft UIInterfaceOrientationLandscapeRight";
				INFOPLIST_KEY_UISupportedInterfaceOrientations_iPhone = "UIInterfaceOrientationPortrait UIInterfaceOrientationLandscapeLeft UIInterfaceOrientationLandscapeRight";
				LD_RUNPATH_SEARCH_PATHS = (
					"$(inherited)",
					"@executable_path/Frameworks",
				);
				MARKETING_VERSION = 1.0;
				PRODUCT_BUNDLE_IDENTIFIER = "me.pavelsgarklavs.iOS-Weather-App";
				PRODUCT_NAME = "$(TARGET_NAME)";
				SWIFT_EMIT_LOC_STRINGS = YES;
				SWIFT_VERSION = 5.0;
				TARGETED_DEVICE_FAMILY = "1,2";
			};
			name = Debug;
		};
		1BE79CA627C4D4A900DED55C /* Release */ = {
			isa = XCBuildConfiguration;
			baseConfigurationReference = 766C3EF252DD9117F89A40ED /* Pods-iOS-Weather-App.release.xcconfig */;
			buildSettings = {
				ASSETCATALOG_COMPILER_APPICON_NAME = AppIcon;
				ASSETCATALOG_COMPILER_GLOBAL_ACCENT_COLOR_NAME = AccentColor;
				CODE_SIGN_STYLE = Automatic;
				CURRENT_PROJECT_VERSION = 1;
				DEVELOPMENT_TEAM = G2D43ULH2L;
				GENERATE_INFOPLIST_FILE = YES;
				INFOPLIST_FILE = "iOS-Weather-App/Info.plist";
				INFOPLIST_KEY_NSLocationWhenInUseUsageDescription = "We’ll use this to personalize your app experience";
				INFOPLIST_KEY_UIApplicationSupportsIndirectInputEvents = YES;
				INFOPLIST_KEY_UILaunchStoryboardName = LaunchScreen;
				INFOPLIST_KEY_UISupportedInterfaceOrientations = "";
				INFOPLIST_KEY_UISupportedInterfaceOrientations_iPad = "UIInterfaceOrientationPortrait UIInterfaceOrientationPortraitUpsideDown UIInterfaceOrientationLandscapeLeft UIInterfaceOrientationLandscapeRight";
				INFOPLIST_KEY_UISupportedInterfaceOrientations_iPhone = "UIInterfaceOrientationPortrait UIInterfaceOrientationLandscapeLeft UIInterfaceOrientationLandscapeRight";
				LD_RUNPATH_SEARCH_PATHS = (
					"$(inherited)",
					"@executable_path/Frameworks",
				);
				MARKETING_VERSION = 1.0;
				PRODUCT_BUNDLE_IDENTIFIER = "me.pavelsgarklavs.iOS-Weather-App";
				PRODUCT_NAME = "$(TARGET_NAME)";
				SWIFT_EMIT_LOC_STRINGS = YES;
				SWIFT_VERSION = 5.0;
				TARGETED_DEVICE_FAMILY = "1,2";
			};
			name = Release;
		};
/* End XCBuildConfiguration section */

/* Begin XCConfigurationList section */
		1BE79C8B27C4D4A200DED55C /* Build configuration list for PBXProject "iOS-Weather-App" */ = {
			isa = XCConfigurationList;
			buildConfigurations = (
				1BE79CA227C4D4A900DED55C /* Debug */,
				1BE79CA327C4D4A900DED55C /* Release */,
			);
			defaultConfigurationIsVisible = 0;
			defaultConfigurationName = Release;
		};
		1BE79CA427C4D4A900DED55C /* Build configuration list for PBXNativeTarget "iOS-Weather-App" */ = {
			isa = XCConfigurationList;
			buildConfigurations = (
				1BE79CA527C4D4A900DED55C /* Debug */,
				1BE79CA627C4D4A900DED55C /* Release */,
			);
			defaultConfigurationIsVisible = 0;
			defaultConfigurationName = Release;
		};
/* End XCConfigurationList section */
	};
	rootObject = 1BE79C8827C4D4A200DED55C /* Project object */;
}
