<?xml version="1.0" encoding="UTF-8"?>
<Scheme
   version = "1.3">
   <BuildAction>
      <BuildActionEntries>
         <BuildActionEntry
            buildForRunning = "YES">
            <BuildableReference
               BuildableIdentifier = "primary"
               BlueprintIdentifier = "1BE79C8F27C4D4A200DED55C"
               BuildableName = "iOS-Weather-App.app"
               BlueprintName = "iOS-Weather-App"
               ReferencedContainer = "container:iOS-Weather-App.xcodeproj">
            </BuildableReference>
         </BuildActionEntry>
      </BuildActionEntries>
   </BuildAction>
   <LaunchAction
      useCustomWorkingDirectory = "NO"
      buildConfiguration = "Debug"
      allowLocationSimulation = "YES">
      <BuildableProductRunnable>
         <BuildableReference
            BuildableIdentifier = "primary"
            BlueprintIdentifier = "1BE79C8F27C4D4A200DED55C"
            BuildableName = "iOS-Weather-App.app"
            BlueprintName = "iOS-Weather-App"
            ReferencedContainer = "container:iOS-Weather-App.xcodeproj">
         </BuildableReference>
      </BuildableProductRunnable>
   </LaunchAction>
</Scheme>
